
Microsoft Visual Studio Solution File, Format Version 12.00
# Visual Studio Version 16
VisualStudioVersion = 16.0.29411.108
MinimumVisualStudioVersion = 10.0.40219.1
Project("{9A19103F-16F7-4668-BE54-9A1E7A4F7556}") = "Shared", "Shared\Shared.csproj", "{A394D975-4EF9-4D46-B9D8-7C2510E99AE0}"
EndProject
Project("{FAE04EC0-301F-11D3-BF4B-00C04F79EFBC}") = "API", "API\API.csproj", "{9C798BE6-38A2-4E06-95A6-F6729FE9FAEC}"
EndProject
Project("{FAE04EC0-301F-11D3-BF4B-00C04F79EFBC}") = "Web", "Web\Web.csproj", "{44727F2B-B7BA-40DC-943F-ADE0CB29EB3C}"
EndProject
Global
	GlobalSection(SolutionConfigurationPlatforms) = preSolution
		Debug|Any CPU = Debug|Any CPU
		Release|Any CPU = Release|Any CPU
	EndGlobalSection
	GlobalSection(ProjectConfigurationPlatforms) = postSolution
		{A394D975-4EF9-4D46-B9D8-7C2510E99AE0}.Debug|Any CPU.ActiveCfg = Debug|Any CPU
		{A394D975-4EF9-4D46-B9D8-7C2510E99AE0}.Debug|Any CPU.Build.0 = Debug|Any CPU
		{A394D975-4EF9-4D46-B9D8-7C2510E99AE0}.Release|Any CPU.ActiveCfg = Release|Any CPU
		{A394D975-4EF9-4D46-B9D8-7C2510E99AE0}.Release|Any CPU.Build.0 = Release|Any CPU
		{9C798BE6-38A2-4E06-95A6-F6729FE9FAEC}.Debug|Any CPU.ActiveCfg = Debug|Any CPU
		{9C798BE6-38A2-4E06-95A6-F6729FE9FAEC}.Debug|Any CPU.Build.0 = Debug|Any CPU
		{9C798BE6-38A2-4E06-95A6-F6729FE9FAEC}.Release|Any CPU.ActiveCfg = Release|Any CPU
		{9C798BE6-38A2-4E06-95A6-F6729FE9FAEC}.Release|Any CPU.Build.0 = Release|Any CPU
		{44727F2B-B7BA-40DC-943F-ADE0CB29EB3C}.Debug|Any CPU.ActiveCfg = Debug|Any CPU
		{44727F2B-B7BA-40DC-943F-ADE0CB29EB3C}.Debug|Any CPU.Build.0 = Debug|Any CPU
		{44727F2B-B7BA-40DC-943F-ADE0CB29EB3C}.Release|Any CPU.ActiveCfg = Release|Any CPU
		{44727F2B-B7BA-40DC-943F-ADE0CB29EB3C}.Release|Any CPU.Build.0 = Release|Any CPU
	EndGlobalSection
	GlobalSection(SolutionProperties) = preSolution
		HideSolutionNode = FALSE
	EndGlobalSection
	GlobalSection(ExtensibilityGlobals) = postSolution
		SolutionGuid = {57BAC3F8-62A7-482E-A986-2520FBE0A2A1}
	EndGlobalSection
EndGlobal
